// !$*UTF8*$!
{
	archiveVersion = 1;
	classes = {
	};
	objectVersion = 77;
	objects = {

/* Begin PBXBuildFile section */
		A100000000000000000000B1 /* WildLiveApp.swift in Sources */ = {isa = PBXBuildFile; fileRef = A100000000000000000000A1 /* WildLiveApp.swift */; };
		A100000000000000000000B2 /* TitleView.swift in Sources */ = {isa = PBXBuildFile; fileRef = A100000000000000000000A2 /* TitleView.swift */; };
		A100000000000000000000B3 /* Assets.xcassets in Resources */ = {isa = PBXBuildFile; fileRef = A100000000000000000000A3 /* Assets.xcassets */; };
		A100000000000000000000B4 /* WildLiveUITests.swift in Sources */ = {isa = PBXBuildFile; fileRef = A100000000000000000000A4 /* WildLiveUITests.swift */; };
		A2000000000000000000BB01 /* AppStore.swift in Sources */ = {isa = PBXBuildFile; fileRef = A2000000000000000000FF01 /* AppStore.swift */; };
		A2000000000000000000BB02 /* Route.swift in Sources */ = {isa = PBXBuildFile; fileRef = A2000000000000000000FF02 /* Route.swift */; };
		A2000000000000000000BB03 /* RootView.swift in Sources */ = {isa = PBXBuildFile; fileRef = A2000000000000000000FF03 /* RootView.swift */; };
		A2000000000000000000BB04 /* Game.swift in Sources */ = {isa = PBXBuildFile; fileRef = A2000000000000000000FF04 /* Game.swift */; };
		A2000000000000000000BB05 /* SampleData.swift in Sources */ = {isa = PBXBuildFile; fileRef = A2000000000000000000FF05 /* SampleData.swift */; };
		A2000000000000000000BB07 /* MockGStoreService.swift in Sources */ = {isa = PBXBuildFile; fileRef = A2000000000000000000FF07 /* MockGStoreService.swift */; };
		A2000000000000000000BB08 /* Theme.swift in Sources */ = {isa = PBXBuildFile; fileRef = A2000000000000000000FF08 /* Theme.swift */; };
		A2000000000000000000BB09 /* HomeView.swift in Sources */ = {isa = PBXBuildFile; fileRef = A2000000000000000000FF09 /* HomeView.swift */; };
		A2000000000000000000BB0A /* MyZooView.swift in Sources */ = {isa = PBXBuildFile; fileRef = A2000000000000000000FF0A /* MyZooView.swift */; };
		A2000000000000000000BB0B /* OtherZoosView.swift in Sources */ = {isa = PBXBuildFile; fileRef = A2000000000000000000FF0B /* OtherZoosView.swift */; };
		A2000000000000000000BB0C /* VisitZooView.swift in Sources */ = {isa = PBXBuildFile; fileRef = A2000000000000000000FF0C /* VisitZooView.swift */; };
		A2000000000000000000BB0D /* AnimalDetailView.swift in Sources */ = {isa = PBXBuildFile; fileRef = A2000000000000000000FF0D /* AnimalDetailView.swift */; };
		A2000000000000000000BB0E /* GuildView.swift in Sources */ = {isa = PBXBuildFile; fileRef = A2000000000000000000FF0E /* GuildView.swift */; };
		A2000000000000000000BB10 /* DispatchConfirmView.swift in Sources */ = {isa = PBXBuildFile; fileRef = A2000000000000000000FF10 /* DispatchConfirmView.swift */; };
		A2000000000000000000BB11 /* ExpeditionsView.swift in Sources */ = {isa = PBXBuildFile; fileRef = A2000000000000000000FF11 /* ExpeditionsView.swift */; };
		A2000000000000000000BB13 /* CaptureNameView.swift in Sources */ = {isa = PBXBuildFile; fileRef = A2000000000000000000FF13 /* CaptureNameView.swift */; };
		A2000000000000000000BB14 /* GStoreView.swift in Sources */ = {isa = PBXBuildFile; fileRef = A2000000000000000000FF14 /* GStoreView.swift */; };
		A3000000000000000000BB01 /* APIClient.swift in Sources */ = {isa = PBXBuildFile; fileRef = A3000000000000000000FF01 /* APIClient.swift */; };
		A3000000000000000000BB04 /* RegistrationView.swift in Sources */ = {isa = PBXBuildFile; fileRef = A3000000000000000000FF04 /* RegistrationView.swift */; };
		A5000000000000000000BB01 /* RegisteredPlayer.swift in Sources */ = {isa = PBXBuildFile; fileRef = A5000000000000000000FF01 /* RegisteredPlayer.swift */; };
		A5000000000000000000BB02 /* PersistedSession.swift in Sources */ = {isa = PBXBuildFile; fileRef = A5000000000000000000FF02 /* PersistedSession.swift */; };
		A5000000000000000000BB03 /* PlayerRepository.swift in Sources */ = {isa = PBXBuildFile; fileRef = A5000000000000000000FF03 /* PlayerRepository.swift */; };
		A5000000000000000000BB04 /* PlayerSessionRepository.swift in Sources */ = {isa = PBXBuildFile; fileRef = A5000000000000000000FF04 /* PlayerSessionRepository.swift */; };
		A5000000000000000000BB05 /* RegisterPlayerInput.swift in Sources */ = {isa = PBXBuildFile; fileRef = A5000000000000000000FF05 /* RegisterPlayerInput.swift */; };
		A5000000000000000000BB06 /* RegisterPlayer.swift in Sources */ = {isa = PBXBuildFile; fileRef = A5000000000000000000FF06 /* RegisterPlayer.swift */; };
		A5000000000000000000BB07 /* PlayerAPIDTO.swift in Sources */ = {isa = PBXBuildFile; fileRef = A5000000000000000000FF07 /* PlayerAPIDTO.swift */; };
		A5000000000000000000BB08 /* LivePlayerRepository.swift in Sources */ = {isa = PBXBuildFile; fileRef = A5000000000000000000FF08 /* LivePlayerRepository.swift */; };
		A5000000000000000000BB09 /* MockPlayerRepository.swift in Sources */ = {isa = PBXBuildFile; fileRef = A5000000000000000000FF09 /* MockPlayerRepository.swift */; };
		A5000000000000000000BB0A /* UserDefaultsPlayerSessionRepository.swift in Sources */ = {isa = PBXBuildFile; fileRef = A5000000000000000000FF0A /* UserDefaultsPlayerSessionRepository.swift */; };
		A5000000000000000000BB0B /* RegistrationViewModel.swift in Sources */ = {isa = PBXBuildFile; fileRef = A5000000000000000000FF0B /* RegistrationViewModel.swift */; };
		A4000000000000000000BB01 /* RegisterPlayerTests.swift in Sources */ = {isa = PBXBuildFile; fileRef = A4000000000000000000FF01 /* RegisterPlayerTests.swift */; };
		A4000000000000000000BB02 /* RegistrationViewModelTests.swift in Sources */ = {isa = PBXBuildFile; fileRef = A4000000000000000000FF02 /* RegistrationViewModelTests.swift */; };
		A4000000000000000000BB03 /* LivePlayerRepositoryTests.swift in Sources */ = {isa = PBXBuildFile; fileRef = A4000000000000000000FF03 /* LivePlayerRepositoryTests.swift */; };
		A4000000000000000000BB04 /* UserDefaultsPlayerSessionRepositoryTests.swift in Sources */ = {isa = PBXBuildFile; fileRef = A4000000000000000000FF04 /* UserDefaultsPlayerSessionRepositoryTests.swift */; };
		A4000000000000000000BB05 /* ArchitectureBoundaryTests.swift in Sources */ = {isa = PBXBuildFile; fileRef = A4000000000000000000FF05 /* ArchitectureBoundaryTests.swift */; };
		A60000000000000000BB01 /* GameWorld.swift in Sources */ = {isa = PBXBuildFile; fileRef = A60000000000000000FF01 /* GameWorld.swift */; };
		A60000000000000000BB02 /* GameRepositories.swift in Sources */ = {isa = PBXBuildFile; fileRef = A60000000000000000FF02 /* GameRepositories.swift */; };
		A60000000000000000BB03 /* StartExpedition.swift in Sources */ = {isa = PBXBuildFile; fileRef = A60000000000000000FF03 /* StartExpedition.swift */; };
		A60000000000000000BB04 /* ResolveExpedition.swift in Sources */ = {isa = PBXBuildFile; fileRef = A60000000000000000FF04 /* ResolveExpedition.swift */; };
		A60000000000000000BB05 /* DecideCapturedAnimal.swift in Sources */ = {isa = PBXBuildFile; fileRef = A60000000000000000FF05 /* DecideCapturedAnimal.swift */; };
		A60000000000000000BB06 /* GameAPIDTO.swift in Sources */ = {isa = PBXBuildFile; fileRef = A60000000000000000FF06 /* GameAPIDTO.swift */; };
		A60000000000000000BB07 /* LiveGameRepositories.swift in Sources */ = {isa = PBXBuildFile; fileRef = A60000000000000000FF07 /* LiveGameRepositories.swift */; };
		A60000000000000000BB08 /* MockGameRepositories.swift in Sources */ = {isa = PBXBuildFile; fileRef = A60000000000000000FF08 /* MockGameRepositories.swift */; };
		A60000000000000000BB09 /* GameDependencies.swift in Sources */ = {isa = PBXBuildFile; fileRef = A60000000000000000FF09 /* GameDependencies.swift */; };
		A60000000000000000BB0A /* HomeViewModel.swift in Sources */ = {isa = PBXBuildFile; fileRef = A60000000000000000FF0A /* HomeViewModel.swift */; };
		A60000000000000000BB0B /* MapListViewModel.swift in Sources */ = {isa = PBXBuildFile; fileRef = A60000000000000000FF0B /* MapListViewModel.swift */; };
		A60000000000000000BB0C /* MapListView.swift in Sources */ = {isa = PBXBuildFile; fileRef = A60000000000000000FF0C /* MapListView.swift */; };
		A60000000000000000BB0D /* MapDetailViewModel.swift in Sources */ = {isa = PBXBuildFile; fileRef = A60000000000000000FF0D /* MapDetailViewModel.swift */; };
		A60000000000000000BB0E /* MapDetailView.swift in Sources */ = {isa = PBXBuildFile; fileRef = A60000000000000000FF0E /* MapDetailView.swift */; };
		A60000000000000000BB0F /* HunterListViewModel.swift in Sources */ = {isa = PBXBuildFile; fileRef = A60000000000000000FF0F /* HunterListViewModel.swift */; };
		A60000000000000000BB10 /* HunterPickerView.swift in Sources */ = {isa = PBXBuildFile; fileRef = A60000000000000000FF10 /* HunterPickerView.swift */; };
		A60000000000000000BB11 /* DispatchConfirmViewModel.swift in Sources */ = {isa = PBXBuildFile; fileRef = A60000000000000000FF11 /* DispatchConfirmViewModel.swift */; };
		A60000000000000000BB12 /* ExpeditionsViewModel.swift in Sources */ = {isa = PBXBuildFile; fileRef = A60000000000000000FF12 /* ExpeditionsViewModel.swift */; };
		A60000000000000000BB13 /* ExpeditionDetailViewModel.swift in Sources */ = {isa = PBXBuildFile; fileRef = A60000000000000000FF13 /* ExpeditionDetailViewModel.swift */; };
		A60000000000000000BB14 /* ExpeditionDetailView.swift in Sources */ = {isa = PBXBuildFile; fileRef = A60000000000000000FF14 /* ExpeditionDetailView.swift */; };
		A60000000000000000BB15 /* CaptureNameViewModel.swift in Sources */ = {isa = PBXBuildFile; fileRef = A60000000000000000FF15 /* CaptureNameViewModel.swift */; };
		A60000000000000000BB16 /* MyZooViewModel.swift in Sources */ = {isa = PBXBuildFile; fileRef = A60000000000000000FF16 /* MyZooViewModel.swift */; };
		A70000000000000000BB01 /* GameAPIMappingTests.swift in Sources */ = {isa = PBXBuildFile; fileRef = A70000000000000000FF01 /* GameAPIMappingTests.swift */; };
		A70000000000000000BB02 /* ExpeditionViewModelTests.swift in Sources */ = {isa = PBXBuildFile; fileRef = A70000000000000000FF02 /* ExpeditionViewModelTests.swift */; };
		A70000000000000000BB03 /* LiveProdConnectivityTests.swift in Sources */ = {isa = PBXBuildFile; fileRef = A70000000000000000FF03 /* LiveProdConnectivityTests.swift */; };
		A80000000000000000BB01 /* ExpeditionFlowUITests.swift in Sources */ = {isa = PBXBuildFile; fileRef = A80000000000000000FF01 /* ExpeditionFlowUITests.swift */; };
/* End PBXBuildFile section */

/* Begin PBXContainerItemProxy section */
		A10000000000000000000081 /* PBXContainerItemProxy */ = {
			isa = PBXContainerItemProxy;
			containerPortal = A10000000000000000000001 /* Project object */;
			proxyType = 1;
			remoteGlobalIDString = A10000000000000000000020;
			remoteInfo = WildLive;
		};
		A40000000000000000000081 /* PBXContainerItemProxy */ = {
			isa = PBXContainerItemProxy;
			containerPortal = A10000000000000000000001 /* Project object */;
			proxyType = 1;
			remoteGlobalIDString = A10000000000000000000020;
			remoteInfo = WildLive;
		};
/* End PBXContainerItemProxy section */

/* Begin PBXFileReference section */
		A100000000000000000000A1 /* WildLiveApp.swift */ = {isa = PBXFileReference; lastKnownFileType = sourcecode.swift; path = App/WildLiveApp.swift; sourceTree = "<group>"; };
		A100000000000000000000A2 /* TitleView.swift */ = {isa = PBXFileReference; lastKnownFileType = sourcecode.swift; path = Presentation/TitleView.swift; sourceTree = "<group>"; };
		A100000000000000000000A3 /* Assets.xcassets */ = {isa = PBXFileReference; lastKnownFileType = folder.assetcatalog; path = Assets.xcassets; sourceTree = "<group>"; };
		A100000000000000000000A4 /* WildLiveUITests.swift */ = {isa = PBXFileReference; lastKnownFileType = sourcecode.swift; path = WildLiveUITests.swift; sourceTree = "<group>"; };
		A10000000000000000000010 /* WildLive.app */ = {isa = PBXFileReference; explicitFileType = wrapper.application; includeInIndex = 0; path = WildLive.app; sourceTree = BUILT_PRODUCTS_DIR; };
		A10000000000000000000011 /* WildLiveUITests.xctest */ = {isa = PBXFileReference; explicitFileType = wrapper.cfbundle; includeInIndex = 0; path = WildLiveUITests.xctest; sourceTree = BUILT_PRODUCTS_DIR; };
		A10000000000000000000012 /* WildLiveTests.xctest */ = {isa = PBXFileReference; explicitFileType = wrapper.cfbundle; includeInIndex = 0; path = WildLiveTests.xctest; sourceTree = BUILT_PRODUCTS_DIR; };
		A2000000000000000000FF01 /* AppStore.swift */ = {isa = PBXFileReference; lastKnownFileType = sourcecode.swift; path = App/AppStore.swift; sourceTree = "<group>"; };
		A2000000000000000000FF02 /* Route.swift */ = {isa = PBXFileReference; lastKnownFileType = sourcecode.swift; path = App/Route.swift; sourceTree = "<group>"; };
		A2000000000000000000FF03 /* RootView.swift */ = {isa = PBXFileReference; lastKnownFileType = sourcecode.swift; path = Presentation/RootView.swift; sourceTree = "<group>"; };
		A2000000000000000000FF04 /* Game.swift */ = {isa = PBXFileReference; lastKnownFileType = sourcecode.swift; path = Domain/Game.swift; sourceTree = "<group>"; };
		A2000000000000000000FF05 /* SampleData.swift */ = {isa = PBXFileReference; lastKnownFileType = sourcecode.swift; path = Data/SampleData.swift; sourceTree = "<group>"; };
		A2000000000000000000FF07 /* MockGStoreService.swift */ = {isa = PBXFileReference; lastKnownFileType = sourcecode.swift; path = Data/MockGStoreService.swift; sourceTree = "<group>"; };
		A2000000000000000000FF08 /* Theme.swift */ = {isa = PBXFileReference; lastKnownFileType = sourcecode.swift; path = Presentation/Theme.swift; sourceTree = "<group>"; };
		A2000000000000000000FF09 /* HomeView.swift */ = {isa = PBXFileReference; lastKnownFileType = sourcecode.swift; path = Presentation/HomeView.swift; sourceTree = "<group>"; };
		A2000000000000000000FF0A /* MyZooView.swift */ = {isa = PBXFileReference; lastKnownFileType = sourcecode.swift; path = Presentation/MyZooView.swift; sourceTree = "<group>"; };
		A2000000000000000000FF0B /* OtherZoosView.swift */ = {isa = PBXFileReference; lastKnownFileType = sourcecode.swift; path = Presentation/OtherZoosView.swift; sourceTree = "<group>"; };
		A2000000000000000000FF0C /* VisitZooView.swift */ = {isa = PBXFileReference; lastKnownFileType = sourcecode.swift; path = Presentation/VisitZooView.swift; sourceTree = "<group>"; };
		A2000000000000000000FF0D /* AnimalDetailView.swift */ = {isa = PBXFileReference; lastKnownFileType = sourcecode.swift; path = Presentation/AnimalDetailView.swift; sourceTree = "<group>"; };
		A2000000000000000000FF0E /* GuildView.swift */ = {isa = PBXFileReference; lastKnownFileType = sourcecode.swift; path = Presentation/GuildView.swift; sourceTree = "<group>"; };
		A2000000000000000000FF10 /* DispatchConfirmView.swift */ = {isa = PBXFileReference; lastKnownFileType = sourcecode.swift; path = Presentation/DispatchConfirmView.swift; sourceTree = "<group>"; };
		A2000000000000000000FF11 /* ExpeditionsView.swift */ = {isa = PBXFileReference; lastKnownFileType = sourcecode.swift; path = Presentation/ExpeditionsView.swift; sourceTree = "<group>"; };
		A2000000000000000000FF13 /* CaptureNameView.swift */ = {isa = PBXFileReference; lastKnownFileType = sourcecode.swift; path = Presentation/CaptureNameView.swift; sourceTree = "<group>"; };
		A2000000000000000000FF14 /* GStoreView.swift */ = {isa = PBXFileReference; lastKnownFileType = sourcecode.swift; path = Presentation/GStoreView.swift; sourceTree = "<group>"; };
		A3000000000000000000FF01 /* APIClient.swift */ = {isa = PBXFileReference; lastKnownFileType = sourcecode.swift; path = Data/APIClient.swift; sourceTree = "<group>"; };
		A3000000000000000000FF04 /* RegistrationView.swift */ = {isa = PBXFileReference; lastKnownFileType = sourcecode.swift; path = Presentation/RegistrationView.swift; sourceTree = "<group>"; };
		A3000000000000000000FF05 /* Info.plist */ = {isa = PBXFileReference; lastKnownFileType = text.plist.xml; path = Info.plist; sourceTree = "<group>"; };
		A3000000000000000000FF06 /* Debug.xcconfig */ = {isa = PBXFileReference; lastKnownFileType = text.xcconfig; path = Config/Debug.xcconfig; sourceTree = "<group>"; };
		A3000000000000000000FF07 /* Release.xcconfig */ = {isa = PBXFileReference; lastKnownFileType = text.xcconfig; path = Config/Release.xcconfig; sourceTree = "<group>"; };
		A5000000000000000000FF01 /* RegisteredPlayer.swift */ = {isa = PBXFileReference; lastKnownFileType = sourcecode.swift; path = Domain/RegisteredPlayer.swift; sourceTree = "<group>"; };
		A5000000000000000000FF02 /* PersistedSession.swift */ = {isa = PBXFileReference; lastKnownFileType = sourcecode.swift; path = Domain/PersistedSession.swift; sourceTree = "<group>"; };
		A5000000000000000000FF03 /* PlayerRepository.swift */ = {isa = PBXFileReference; lastKnownFileType = sourcecode.swift; path = Domain/PlayerRepository.swift; sourceTree = "<group>"; };
		A5000000000000000000FF04 /* PlayerSessionRepository.swift */ = {isa = PBXFileReference; lastKnownFileType = sourcecode.swift; path = Domain/PlayerSessionRepository.swift; sourceTree = "<group>"; };
		A5000000000000000000FF05 /* RegisterPlayerInput.swift */ = {isa = PBXFileReference; lastKnownFileType = sourcecode.swift; path = Application/RegisterPlayerInput.swift; sourceTree = "<group>"; };
		A5000000000000000000FF06 /* RegisterPlayer.swift */ = {isa = PBXFileReference; lastKnownFileType = sourcecode.swift; path = Application/RegisterPlayer.swift; sourceTree = "<group>"; };
		A5000000000000000000FF07 /* PlayerAPIDTO.swift */ = {isa = PBXFileReference; lastKnownFileType = sourcecode.swift; path = Data/PlayerAPIDTO.swift; sourceTree = "<group>"; };
		A5000000000000000000FF08 /* LivePlayerRepository.swift */ = {isa = PBXFileReference; lastKnownFileType = sourcecode.swift; path = Data/LivePlayerRepository.swift; sourceTree = "<group>"; };
		A5000000000000000000FF09 /* MockPlayerRepository.swift */ = {isa = PBXFileReference; lastKnownFileType = sourcecode.swift; path = Data/MockPlayerRepository.swift; sourceTree = "<group>"; };
		A5000000000000000000FF0A /* UserDefaultsPlayerSessionRepository.swift */ = {isa = PBXFileReference; lastKnownFileType = sourcecode.swift; path = Data/UserDefaultsPlayerSessionRepository.swift; sourceTree = "<group>"; };
		A5000000000000000000FF0B /* RegistrationViewModel.swift */ = {isa = PBXFileReference; lastKnownFileType = sourcecode.swift; path = Presentation/RegistrationViewModel.swift; sourceTree = "<group>"; };
		A4000000000000000000FF01 /* RegisterPlayerTests.swift */ = {isa = PBXFileReference; lastKnownFileType = sourcecode.swift; path = RegisterPlayerTests.swift; sourceTree = "<group>"; };
		A4000000000000000000FF02 /* RegistrationViewModelTests.swift */ = {isa = PBXFileReference; lastKnownFileType = sourcecode.swift; path = RegistrationViewModelTests.swift; sourceTree = "<group>"; };
		A4000000000000000000FF03 /* LivePlayerRepositoryTests.swift */ = {isa = PBXFileReference; lastKnownFileType = sourcecode.swift; path = LivePlayerRepositoryTests.swift; sourceTree = "<group>"; };
		A4000000000000000000FF04 /* UserDefaultsPlayerSessionRepositoryTests.swift */ = {isa = PBXFileReference; lastKnownFileType = sourcecode.swift; path = UserDefaultsPlayerSessionRepositoryTests.swift; sourceTree = "<group>"; };
		A4000000000000000000FF05 /* ArchitectureBoundaryTests.swift */ = {isa = PBXFileReference; lastKnownFileType = sourcecode.swift; path = ArchitectureBoundaryTests.swift; sourceTree = "<group>"; };
		A60000000000000000FF01 /* GameWorld.swift */ = {isa = PBXFileReference; lastKnownFileType = sourcecode.swift; path = Domain/GameWorld.swift; sourceTree = "<group>"; };
		A60000000000000000FF02 /* GameRepositories.swift */ = {isa = PBXFileReference; lastKnownFileType = sourcecode.swift; path = Domain/GameRepositories.swift; sourceTree = "<group>"; };
		A60000000000000000FF03 /* StartExpedition.swift */ = {isa = PBXFileReference; lastKnownFileType = sourcecode.swift; path = Application/StartExpedition.swift; sourceTree = "<group>"; };
		A60000000000000000FF04 /* ResolveExpedition.swift */ = {isa = PBXFileReference; lastKnownFileType = sourcecode.swift; path = Application/ResolveExpedition.swift; sourceTree = "<group>"; };
		A60000000000000000FF05 /* DecideCapturedAnimal.swift */ = {isa = PBXFileReference; lastKnownFileType = sourcecode.swift; path = Application/DecideCapturedAnimal.swift; sourceTree = "<group>"; };
		A60000000000000000FF06 /* GameAPIDTO.swift */ = {isa = PBXFileReference; lastKnownFileType = sourcecode.swift; path = Data/GameAPIDTO.swift; sourceTree = "<group>"; };
		A60000000000000000FF07 /* LiveGameRepositories.swift */ = {isa = PBXFileReference; lastKnownFileType = sourcecode.swift; path = Data/LiveGameRepositories.swift; sourceTree = "<group>"; };
		A60000000000000000FF08 /* MockGameRepositories.swift */ = {isa = PBXFileReference; lastKnownFileType = sourcecode.swift; path = Data/MockGameRepositories.swift; sourceTree = "<group>"; };
		A60000000000000000FF09 /* GameDependencies.swift */ = {isa = PBXFileReference; lastKnownFileType = sourcecode.swift; path = App/GameDependencies.swift; sourceTree = "<group>"; };
		A60000000000000000FF0A /* HomeViewModel.swift */ = {isa = PBXFileReference; lastKnownFileType = sourcecode.swift; path = Presentation/HomeViewModel.swift; sourceTree = "<group>"; };
		A60000000000000000FF0B /* MapListViewModel.swift */ = {isa = PBXFileReference; lastKnownFileType = sourcecode.swift; path = Presentation/MapListViewModel.swift; sourceTree = "<group>"; };
		A60000000000000000FF0C /* MapListView.swift */ = {isa = PBXFileReference; lastKnownFileType = sourcecode.swift; path = Presentation/MapListView.swift; sourceTree = "<group>"; };
		A60000000000000000FF0D /* MapDetailViewModel.swift */ = {isa = PBXFileReference; lastKnownFileType = sourcecode.swift; path = Presentation/MapDetailViewModel.swift; sourceTree = "<group>"; };
		A60000000000000000FF0E /* MapDetailView.swift */ = {isa = PBXFileReference; lastKnownFileType = sourcecode.swift; path = Presentation/MapDetailView.swift; sourceTree = "<group>"; };
		A60000000000000000FF0F /* HunterListViewModel.swift */ = {isa = PBXFileReference; lastKnownFileType = sourcecode.swift; path = Presentation/HunterListViewModel.swift; sourceTree = "<group>"; };
		A60000000000000000FF10 /* HunterPickerView.swift */ = {isa = PBXFileReference; lastKnownFileType = sourcecode.swift; path = Presentation/HunterPickerView.swift; sourceTree = "<group>"; };
		A60000000000000000FF11 /* DispatchConfirmViewModel.swift */ = {isa = PBXFileReference; lastKnownFileType = sourcecode.swift; path = Presentation/DispatchConfirmViewModel.swift; sourceTree = "<group>"; };
		A60000000000000000FF12 /* ExpeditionsViewModel.swift */ = {isa = PBXFileReference; lastKnownFileType = sourcecode.swift; path = Presentation/ExpeditionsViewModel.swift; sourceTree = "<group>"; };
		A60000000000000000FF13 /* ExpeditionDetailViewModel.swift */ = {isa = PBXFileReference; lastKnownFileType = sourcecode.swift; path = Presentation/ExpeditionDetailViewModel.swift; sourceTree = "<group>"; };
		A60000000000000000FF14 /* ExpeditionDetailView.swift */ = {isa = PBXFileReference; lastKnownFileType = sourcecode.swift; path = Presentation/ExpeditionDetailView.swift; sourceTree = "<group>"; };
		A60000000000000000FF15 /* CaptureNameViewModel.swift */ = {isa = PBXFileReference; lastKnownFileType = sourcecode.swift; path = Presentation/CaptureNameViewModel.swift; sourceTree = "<group>"; };
		A60000000000000000FF16 /* MyZooViewModel.swift */ = {isa = PBXFileReference; lastKnownFileType = sourcecode.swift; path = Presentation/MyZooViewModel.swift; sourceTree = "<group>"; };
		A70000000000000000FF01 /* GameAPIMappingTests.swift */ = {isa = PBXFileReference; lastKnownFileType = sourcecode.swift; path = GameAPIMappingTests.swift; sourceTree = "<group>"; };
		A70000000000000000FF02 /* ExpeditionViewModelTests.swift */ = {isa = PBXFileReference; lastKnownFileType = sourcecode.swift; path = ExpeditionViewModelTests.swift; sourceTree = "<group>"; };
		A70000000000000000FF03 /* LiveProdConnectivityTests.swift */ = {isa = PBXFileReference; lastKnownFileType = sourcecode.swift; path = LiveProdConnectivityTests.swift; sourceTree = "<group>"; };
		A80000000000000000FF01 /* ExpeditionFlowUITests.swift */ = {isa = PBXFileReference; lastKnownFileType = sourcecode.swift; path = ExpeditionFlowUITests.swift; sourceTree = "<group>"; };
/* End PBXFileReference section */

/* Begin PBXFrameworksBuildPhase section */
		A10000000000000000000022 /* Frameworks */ = {
			isa = PBXFrameworksBuildPhase;
			buildActionMask = 2147483647;
			files = (
			);
			runOnlyForDeploymentPostprocessing = 0;
		};
		A10000000000000000000072 /* Frameworks */ = {
			isa = PBXFrameworksBuildPhase;
			buildActionMask = 2147483647;
			files = (
			);
			runOnlyForDeploymentPostprocessing = 0;
		};
		A40000000000000000000022 /* Frameworks */ = {
			isa = PBXFrameworksBuildPhase;
			buildActionMask = 2147483647;
			files = (
			);
			runOnlyForDeploymentPostprocessing = 0;
		};
/* End PBXFrameworksBuildPhase section */

/* Begin PBXGroup section */
		A10000000000000000000002 /* Main */ = {
			isa = PBXGroup;
			children = (
				A10000000000000000000004 /* WildLive */,
				A10000000000000000000005 /* WildLiveUITests */,
				A10000000000000000000006 /* WildLiveTests */,
				A10000000000000000000003 /* Products */,
			);
			sourceTree = "<group>";
		};
		A10000000000000000000003 /* Products */ = {
			isa = PBXGroup;
			children = (
				A10000000000000000000010 /* WildLive.app */,
				A10000000000000000000011 /* WildLiveUITests.xctest */,
				A10000000000000000000012 /* WildLiveTests.xctest */,
			);
			name = Products;
			sourceTree = "<group>";
		};
		A10000000000000000000004 /* WildLive */ = {
			isa = PBXGroup;
			children = (
				A60000000000000000FF16 /* MyZooViewModel.swift */,
				A60000000000000000FF15 /* CaptureNameViewModel.swift */,
				A60000000000000000FF14 /* ExpeditionDetailView.swift */,
				A60000000000000000FF13 /* ExpeditionDetailViewModel.swift */,
				A60000000000000000FF12 /* ExpeditionsViewModel.swift */,
				A60000000000000000FF11 /* DispatchConfirmViewModel.swift */,
				A60000000000000000FF10 /* HunterPickerView.swift */,
				A60000000000000000FF0F /* HunterListViewModel.swift */,
				A60000000000000000FF0E /* MapDetailView.swift */,
				A60000000000000000FF0D /* MapDetailViewModel.swift */,
				A60000000000000000FF0C /* MapListView.swift */,
				A60000000000000000FF0B /* MapListViewModel.swift */,
				A60000000000000000FF0A /* HomeViewModel.swift */,
				A60000000000000000FF09 /* GameDependencies.swift */,
				A60000000000000000FF08 /* MockGameRepositories.swift */,
				A60000000000000000FF07 /* LiveGameRepositories.swift */,
				A60000000000000000FF06 /* GameAPIDTO.swift */,
				A60000000000000000FF05 /* DecideCapturedAnimal.swift */,
				A60000000000000000FF04 /* ResolveExpedition.swift */,
				A60000000000000000FF03 /* StartExpedition.swift */,
				A60000000000000000FF02 /* GameRepositories.swift */,
				A60000000000000000FF01 /* GameWorld.swift */,
				A100000000000000000000A1 /* WildLiveApp.swift */,
				A2000000000000000000FF01 /* AppStore.swift */,
				A2000000000000000000FF02 /* Route.swift */,
				A2000000000000000000FF03 /* RootView.swift */,
				A100000000000000000000A2 /* TitleView.swift */,
				A2000000000000000000FF08 /* Theme.swift */,
				A2000000000000000000FF09 /* HomeView.swift */,
				A3000000000000000000FF04 /* RegistrationView.swift */,
				A5000000000000000000FF0B /* RegistrationViewModel.swift */,
				A2000000000000000000FF0A /* MyZooView.swift */,
				A2000000000000000000FF0B /* OtherZoosView.swift */,
				A2000000000000000000FF0C /* VisitZooView.swift */,
				A2000000000000000000FF0D /* AnimalDetailView.swift */,
				A2000000000000000000FF0E /* GuildView.swift */,
				A2000000000000000000FF10 /* DispatchConfirmView.swift */,
				A2000000000000000000FF11 /* ExpeditionsView.swift */,
				A2000000000000000000FF13 /* CaptureNameView.swift */,
				A2000000000000000000FF14 /* GStoreView.swift */,
				A5000000000000000000FF06 /* RegisterPlayer.swift */,
				A5000000000000000000FF05 /* RegisterPlayerInput.swift */,
				A2000000000000000000FF04 /* Game.swift */,
				A5000000000000000000FF01 /* RegisteredPlayer.swift */,
				A5000000000000000000FF02 /* PersistedSession.swift */,
				A5000000000000000000FF03 /* PlayerRepository.swift */,
				A5000000000000000000FF04 /* PlayerSessionRepository.swift */,
				A3000000000000000000FF01 /* APIClient.swift */,
				A5000000000000000000FF07 /* PlayerAPIDTO.swift */,
				A5000000000000000000FF08 /* LivePlayerRepository.swift */,
				A5000000000000000000FF09 /* MockPlayerRepository.swift */,
				A5000000000000000000FF0A /* UserDefaultsPlayerSessionRepository.swift */,
				A2000000000000000000FF05 /* SampleData.swift */,
				A2000000000000000000FF07 /* MockGStoreService.swift */,
				A3000000000000000000FF05 /* Info.plist */,
				A3000000000000000000FF06 /* Debug.xcconfig */,
				A3000000000000000000FF07 /* Release.xcconfig */,
				A100000000000000000000A3 /* Assets.xcassets */,
			);
			path = WildLive;
			sourceTree = "<group>";
		};
		A10000000000000000000005 /* WildLiveUITests */ = {
			isa = PBXGroup;
			children = (
				A80000000000000000FF01 /* ExpeditionFlowUITests.swift */,
				A100000000000000000000A4 /* WildLiveUITests.swift */,
			);
			path = WildLiveUITests;
			sourceTree = "<group>";
		};
		A10000000000000000000006 /* WildLiveTests */ = {
			isa = PBXGroup;
			children = (
				A70000000000000000FF03 /* LiveProdConnectivityTests.swift */,
				A70000000000000000FF02 /* ExpeditionViewModelTests.swift */,
				A70000000000000000FF01 /* GameAPIMappingTests.swift */,
				A4000000000000000000FF01 /* RegisterPlayerTests.swift */,
				A4000000000000000000FF02 /* RegistrationViewModelTests.swift */,
				A4000000000000000000FF03 /* LivePlayerRepositoryTests.swift */,
				A4000000000000000000FF04 /* UserDefaultsPlayerSessionRepositoryTests.swift */,
				A4000000000000000000FF05 /* ArchitectureBoundaryTests.swift */,
			);
			path = WildLiveTests;
			sourceTree = "<group>";
		};
/* End PBXGroup section */

/* Begin PBXNativeTarget section */
		A10000000000000000000020 /* WildLive */ = {
			isa = PBXNativeTarget;
			buildConfigurationList = A10000000000000000000040 /* Build configuration list for PBXNativeTarget "WildLive" */;
			buildPhases = (
				A10000000000000000000021 /* Sources */,
				A10000000000000000000022 /* Frameworks */,
				A10000000000000000000023 /* Resources */,
			);
			buildRules = (
			);
			dependencies = (
			);
			name = WildLive;
			packageProductDependencies = (
			);
			productName = WildLive;
			productReference = A10000000000000000000010 /* WildLive.app */;
			productType = "com.apple.product-type.application";
		};
		A10000000000000000000070 /* WildLiveUITests */ = {
			isa = PBXNativeTarget;
			buildConfigurationList = A10000000000000000000060 /* Build configuration list for PBXNativeTarget "WildLiveUITests" */;
			buildPhases = (
				A10000000000000000000071 /* Sources */,
				A10000000000000000000072 /* Frameworks */,
			);
			buildRules = (
			);
			dependencies = (
				A10000000000000000000080 /* PBXTargetDependency */,
			);
			name = WildLiveUITests;
			packageProductDependencies = (
			);
			productName = WildLiveUITests;
			productReference = A10000000000000000000011 /* WildLiveUITests.xctest */;
			productType = "com.apple.product-type.bundle.ui-testing";
		};
		A40000000000000000000020 /* WildLiveTests */ = {
			isa = PBXNativeTarget;
			buildConfigurationList = A40000000000000000000040 /* Build configuration list for PBXNativeTarget "WildLiveTests" */;
			buildPhases = (
				A40000000000000000000021 /* Sources */,
				A40000000000000000000022 /* Frameworks */,
			);
			buildRules = (
			);
			dependencies = (
				A40000000000000000000080 /* PBXTargetDependency */,
			);
			name = WildLiveTests;
			packageProductDependencies = (
			);
			productName = WildLiveTests;
			productReference = A10000000000000000000012 /* WildLiveTests.xctest */;
			productType = "com.apple.product-type.bundle.unit-test";
		};
/* End PBXNativeTarget section */

/* Begin PBXProject section */
		A10000000000000000000001 /* Project object */ = {
			isa = PBXProject;
			attributes = {
				BuildIndependentTargetsInParallel = 1;
				LastSwiftUpdateCheck = 2660;
				LastUpgradeCheck = 2660;
				TargetAttributes = {
					A10000000000000000000020 = {
						CreatedOnToolsVersion = 26.6;
					};
					A10000000000000000000070 = {
						CreatedOnToolsVersion = 26.6;
						TestTargetID = A10000000000000000000020;
					};
					A40000000000000000000020 = {
						CreatedOnToolsVersion = 26.6;
						TestTargetID = A10000000000000000000020;
					};
				};
			};
			buildConfigurationList = A10000000000000000000030 /* Build configuration list for PBXProject "WildLive" */;
			compatibilityVersion = "Xcode 15.0";
			developmentRegion = en;
			hasScannedForEncodings = 0;
			knownRegions = (
				en,
				Base,
			);
			mainGroup = A10000000000000000000002;
			minimizedProjectReferenceProxies = 1;
			preferredProjectObjectVersion = 77;
			productRefGroup = A10000000000000000000003 /* Products */;
			projectDirPath = "";
			projectRoot = "";
			targets = (
				A10000000000000000000020 /* WildLive */,
				A10000000000000000000070 /* WildLiveUITests */,
				A40000000000000000000020 /* WildLiveTests */,
			);
		};
/* End PBXProject section */

/* Begin PBXResourcesBuildPhase section */
		A10000000000000000000023 /* Resources */ = {
			isa = PBXResourcesBuildPhase;
			buildActionMask = 2147483647;
			files = (
				A100000000000000000000B3 /* Assets.xcassets in Resources */,
			);
			runOnlyForDeploymentPostprocessing = 0;
		};
/* End PBXResourcesBuildPhase section */

/* Begin PBXSourcesBuildPhase section */
		A10000000000000000000021 /* Sources */ = {
			isa = PBXSourcesBuildPhase;
			buildActionMask = 2147483647;
			files = (
				A60000000000000000BB16 /* MyZooViewModel.swift in Sources */,
				A60000000000000000BB15 /* CaptureNameViewModel.swift in Sources */,
				A60000000000000000BB14 /* ExpeditionDetailView.swift in Sources */,
				A60000000000000000BB13 /* ExpeditionDetailViewModel.swift in Sources */,
				A60000000000000000BB12 /* ExpeditionsViewModel.swift in Sources */,
				A60000000000000000BB11 /* DispatchConfirmViewModel.swift in Sources */,
				A60000000000000000BB10 /* HunterPickerView.swift in Sources */,
				A60000000000000000BB0F /* HunterListViewModel.swift in Sources */,
				A60000000000000000BB0E /* MapDetailView.swift in Sources */,
				A60000000000000000BB0D /* MapDetailViewModel.swift in Sources */,
				A60000000000000000BB0C /* MapListView.swift in Sources */,
				A60000000000000000BB0B /* MapListViewModel.swift in Sources */,
				A60000000000000000BB0A /* HomeViewModel.swift in Sources */,
				A60000000000000000BB09 /* GameDependencies.swift in Sources */,
				A60000000000000000BB08 /* MockGameRepositories.swift in Sources */,
				A60000000000000000BB07 /* LiveGameRepositories.swift in Sources */,
				A60000000000000000BB06 /* GameAPIDTO.swift in Sources */,
				A60000000000000000BB05 /* DecideCapturedAnimal.swift in Sources */,
				A60000000000000000BB04 /* ResolveExpedition.swift in Sources */,
				A60000000000000000BB03 /* StartExpedition.swift in Sources */,
				A60000000000000000BB02 /* GameRepositories.swift in Sources */,
				A60000000000000000BB01 /* GameWorld.swift in Sources */,
				A100000000000000000000B1 /* WildLiveApp.swift in Sources */,
				A100000000000000000000B2 /* TitleView.swift in Sources */,
				A2000000000000000000BB03 /* RootView.swift in Sources */,
				A2000000000000000000BB01 /* AppStore.swift in Sources */,
				A2000000000000000000BB02 /* Route.swift in Sources */,
				A2000000000000000000BB08 /* Theme.swift in Sources */,
				A2000000000000000000BB04 /* Game.swift in Sources */,
				A2000000000000000000BB05 /* SampleData.swift in Sources */,
				A2000000000000000000BB07 /* MockGStoreService.swift in Sources */,
				A2000000000000000000BB09 /* HomeView.swift in Sources */,
				A2000000000000000000BB0A /* MyZooView.swift in Sources */,
				A2000000000000000000BB0B /* OtherZoosView.swift in Sources */,
				A2000000000000000000BB0C /* VisitZooView.swift in Sources */,
				A2000000000000000000BB0D /* AnimalDetailView.swift in Sources */,
				A2000000000000000000BB0E /* GuildView.swift in Sources */,
				A2000000000000000000BB10 /* DispatchConfirmView.swift in Sources */,
				A2000000000000000000BB11 /* ExpeditionsView.swift in Sources */,
				A2000000000000000000BB13 /* CaptureNameView.swift in Sources */,
				A2000000000000000000BB14 /* GStoreView.swift in Sources */,
				A3000000000000000000BB01 /* APIClient.swift in Sources */,
				A3000000000000000000BB04 /* RegistrationView.swift in Sources */,
				A5000000000000000000BB01 /* RegisteredPlayer.swift in Sources */,
				A5000000000000000000BB02 /* PersistedSession.swift in Sources */,
				A5000000000000000000BB03 /* PlayerRepository.swift in Sources */,
				A5000000000000000000BB04 /* PlayerSessionRepository.swift in Sources */,
				A5000000000000000000BB05 /* RegisterPlayerInput.swift in Sources */,
				A5000000000000000000BB06 /* RegisterPlayer.swift in Sources */,
				A5000000000000000000BB07 /* PlayerAPIDTO.swift in Sources */,
				A5000000000000000000BB08 /* LivePlayerRepository.swift in Sources */,
				A5000000000000000000BB09 /* MockPlayerRepository.swift in Sources */,
				A5000000000000000000BB0A /* UserDefaultsPlayerSessionRepository.swift in Sources */,
				A5000000000000000000BB0B /* RegistrationViewModel.swift in Sources */,
			);
			runOnlyForDeploymentPostprocessing = 0;
		};
		A10000000000000000000071 /* Sources */ = {
			isa = PBXSourcesBuildPhase;
			buildActionMask = 2147483647;
			files = (
				A80000000000000000BB01 /* ExpeditionFlowUITests.swift in Sources */,
				A100000000000000000000B4 /* WildLiveUITests.swift in Sources */,
			);
			runOnlyForDeploymentPostprocessing = 0;
		};
		A40000000000000000000021 /* Sources */ = {
			isa = PBXSourcesBuildPhase;
			buildActionMask = 2147483647;
			files = (
				A70000000000000000BB03 /* LiveProdConnectivityTests.swift in Sources */,
				A70000000000000000BB02 /* ExpeditionViewModelTests.swift in Sources */,
				A70000000000000000BB01 /* GameAPIMappingTests.swift in Sources */,
				A4000000000000000000BB01 /* RegisterPlayerTests.swift in Sources */,
				A4000000000000000000BB02 /* RegistrationViewModelTests.swift in Sources */,
				A4000000000000000000BB03 /* LivePlayerRepositoryTests.swift in Sources */,
				A4000000000000000000BB04 /* UserDefaultsPlayerSessionRepositoryTests.swift in Sources */,
				A4000000000000000000BB05 /* ArchitectureBoundaryTests.swift in Sources */,
			);
			runOnlyForDeploymentPostprocessing = 0;
		};
/* End PBXSourcesBuildPhase section */

/* Begin PBXTargetDependency section */
		A10000000000000000000080 /* PBXTargetDependency */ = {
			isa = PBXTargetDependency;
			target = A10000000000000000000020 /* WildLive */;
			targetProxy = A10000000000000000000081 /* PBXContainerItemProxy */;
		};
		A40000000000000000000080 /* PBXTargetDependency */ = {
			isa = PBXTargetDependency;
			target = A10000000000000000000020 /* WildLive */;
			targetProxy = A40000000000000000000081 /* PBXContainerItemProxy */;
		};
/* End PBXTargetDependency section */

/* Begin XCBuildConfiguration section */
		A10000000000000000000031 /* Debug */ = {
			isa = XCBuildConfiguration;
			baseConfigurationReference = A3000000000000000000FF06 /* Debug.xcconfig */;
			buildSettings = {
				ALWAYS_SEARCH_USER_PATHS = NO;
				ASSETCATALOG_COMPILER_GENERATE_SWIFT_ASSET_SYMBOL_EXTENSIONS = YES;
				CLANG_ANALYZER_NONNULL = YES;
				CLANG_ANALYZER_NUMBER_OBJECT_CONVERSION = YES_AGGRESSIVE;
				CLANG_ENABLE_MODULES = YES;
				CLANG_ENABLE_OBJC_ARC = YES;
				CLANG_ENABLE_OBJC_WEAK = YES;
				CLANG_WARN_BLOCK_CAPTURE_AUTORELEASING = YES;
				CLANG_WARN_BOOL_CONVERSION = YES;
				CLANG_WARN_COMMA = YES;
				CLANG_WARN_CONSTANT_CONVERSION = YES;
				CLANG_WARN_DEPRECATED_OBJC_IMPLEMENTATIONS = YES;
				CLANG_WARN_DIRECT_OBJC_ISA_USAGE = YES_ERROR;
				CLANG_WARN_DOCUMENTATION_COMMENTS = YES;
				CLANG_WARN_EMPTY_BODY = YES;
				CLANG_WARN_ENUM_CONVERSION = YES;
				CLANG_WARN_INFINITE_RECURSION = YES;
				CLANG_WARN_INT_CONVERSION = YES;
				CLANG_WARN_NON_LITERAL_NULL_CONVERSION = YES;
				CLANG_WARN_OBJC_IMPLICIT_RETAIN_SELF = YES;
				CLANG_WARN_OBJC_LITERAL_CONVERSION = YES;
				CLANG_WARN_OBJC_ROOT_CLASS = YES_ERROR;
				CLANG_WARN_QUOTED_INCLUDE_IN_FRAMEWORK_HEADER = YES;
				CLANG_WARN_RANGE_LOOP_ANALYSIS = YES;
				CLANG_WARN_STRICT_PROTOTYPES = YES;
				CLANG_WARN_SUSPICIOUS_MOVE = YES;
				CLANG_WARN_UNGUARDED_AVAILABILITY = YES_AGGRESSIVE;
				CLANG_WARN_UNREACHABLE_CODE = YES;
				CLANG_WARN__DUPLICATE_METHOD_MATCH = YES;
				COPY_PHASE_STRIP = NO;
				DEBUG_INFORMATION_FORMAT = dwarf;
				ENABLE_STRICT_OBJC_MSGSEND = YES;
				ENABLE_TESTABILITY = YES;
				ENABLE_USER_SCRIPT_SANDBOXING = YES;
				GCC_C_LANGUAGE_STANDARD = gnu17;
				GCC_DYNAMIC_NO_PIC = NO;
				GCC_NO_COMMON_BLOCKS = YES;
				GCC_OPTIMIZATION_LEVEL = 0;
				GCC_PREPROCESSOR_DEFINITIONS = (
					"DEBUG=1",
					"$(inherited)",
				);
				GCC_WARN_64_TO_32_BIT_CONVERSION = YES;
				GCC_WARN_ABOUT_RETURN_TYPE = YES_ERROR;
				GCC_WARN_UNDECLARED_SELECTOR = YES;
				GCC_WARN_UNINITIALIZED_AUTOS = YES_AGGRESSIVE;
				GCC_WARN_UNUSED_FUNCTION = YES;
				GCC_WARN_UNUSED_VARIABLE = YES;
				IPHONEOS_DEPLOYMENT_TARGET = 17.0;
				LOCALIZATION_PREFERS_STRING_CATALOGS = YES;
				MTL_ENABLE_DEBUG_INFO = INCLUDE_SOURCE;
				MTL_FAST_MATH = YES;
				ONLY_ACTIVE_ARCH = YES;
				SDKROOT = iphoneos;
				SWIFT_ACTIVE_COMPILATION_CONDITIONS = "DEBUG $(inherited)";
				SWIFT_OPTIMIZATION_LEVEL = "-Onone";
			};
			name = Debug;
		};
		A10000000000000000000032 /* Release */ = {
			isa = XCBuildConfiguration;
			baseConfigurationReference = A3000000000000000000FF07 /* Release.xcconfig */;
			buildSettings = {
				ALWAYS_SEARCH_USER_PATHS = NO;
				ASSETCATALOG_COMPILER_GENERATE_SWIFT_ASSET_SYMBOL_EXTENSIONS = YES;
				CLANG_ANALYZER_NONNULL = YES;
				CLANG_ANALYZER_NUMBER_OBJECT_CONVERSION = YES_AGGRESSIVE;
				CLANG_ENABLE_MODULES = YES;
				CLANG_ENABLE_OBJC_ARC = YES;
				CLANG_ENABLE_OBJC_WEAK = YES;
				CLANG_WARN_BLOCK_CAPTURE_AUTORELEASING = YES;
				CLANG_WARN_BOOL_CONVERSION = YES;
				CLANG_WARN_COMMA = YES;
				CLANG_WARN_CONSTANT_CONVERSION = YES;
				CLANG_WARN_DEPRECATED_OBJC_IMPLEMENTATIONS = YES;
				CLANG_WARN_DIRECT_OBJC_ISA_USAGE = YES_ERROR;
				CLANG_WARN_DOCUMENTATION_COMMENTS = YES;
				CLANG_WARN_EMPTY_BODY = YES;
				CLANG_WARN_ENUM_CONVERSION = YES;
				CLANG_WARN_INFINITE_RECURSION = YES;
				CLANG_WARN_INT_CONVERSION = YES;
				CLANG_WARN_NON_LITERAL_NULL_CONVERSION = YES;
				CLANG_WARN_OBJC_IMPLICIT_RETAIN_SELF = YES;
				CLANG_WARN_OBJC_LITERAL_CONVERSION = YES;
				CLANG_WARN_OBJC_ROOT_CLASS = YES_ERROR;
				CLANG_WARN_QUOTED_INCLUDE_IN_FRAMEWORK_HEADER = YES;
				CLANG_WARN_RANGE_LOOP_ANALYSIS = YES;
				CLANG_WARN_STRICT_PROTOTYPES = YES;
				CLANG_WARN_SUSPICIOUS_MOVE = YES;
				CLANG_WARN_UNGUARDED_AVAILABILITY = YES_AGGRESSIVE;
				CLANG_WARN_UNREACHABLE_CODE = YES;
				CLANG_WARN__DUPLICATE_METHOD_MATCH = YES;
				COPY_PHASE_STRIP = NO;
				DEBUG_INFORMATION_FORMAT = "dwarf-with-dsym";
				ENABLE_NS_ASSERTIONS = NO;
				ENABLE_STRICT_OBJC_MSGSEND = YES;
				ENABLE_USER_SCRIPT_SANDBOXING = YES;
				GCC_C_LANGUAGE_STANDARD = gnu17;
				GCC_NO_COMMON_BLOCKS = YES;
				GCC_WARN_64_TO_32_BIT_CONVERSION = YES;
				GCC_WARN_ABOUT_RETURN_TYPE = YES_ERROR;
				GCC_WARN_UNDECLARED_SELECTOR = YES;
				GCC_WARN_UNINITIALIZED_AUTOS = YES_AGGRESSIVE;
				GCC_WARN_UNUSED_FUNCTION = YES;
				GCC_WARN_UNUSED_VARIABLE = YES;
				IPHONEOS_DEPLOYMENT_TARGET = 17.0;
				LOCALIZATION_PREFERS_STRING_CATALOGS = YES;
				MTL_ENABLE_DEBUG_INFO = NO;
				MTL_FAST_MATH = YES;
				SDKROOT = iphoneos;
				SWIFT_COMPILATION_MODE = wholemodule;
				VALIDATE_PRODUCT = YES;
			};
			name = Release;
		};
		A10000000000000000000041 /* Debug */ = {
			isa = XCBuildConfiguration;
			buildSettings = {
				ASSETCATALOG_COMPILER_APPICON_NAME = AppIcon;
				ASSETCATALOG_COMPILER_GLOBAL_ACCENT_COLOR_NAME = AccentColor;
				CODE_SIGN_STYLE = Automatic;
				CURRENT_PROJECT_VERSION = 1;
				ENABLE_PREVIEWS = YES;
				GENERATE_INFOPLIST_FILE = NO;
				INFOPLIST_FILE = WildLive/Info.plist;
				LD_RUNPATH_SEARCH_PATHS = (
					"$(inherited)",
					"@executable_path/Frameworks",
				);
				MARKETING_VERSION = 0.1.0;
				PRODUCT_BUNDLE_IDENTIFIER = "dev.wildlive.WildLive";
				PRODUCT_NAME = "$(TARGET_NAME)";
				SWIFT_EMIT_LOC_STRINGS = YES;
				SWIFT_VERSION = 5.0;
				TARGETED_DEVICE_FAMILY = 1;
			};
			name = Debug;
		};
		A10000000000000000000042 /* Release */ = {
			isa = XCBuildConfiguration;
			buildSettings = {
				ASSETCATALOG_COMPILER_APPICON_NAME = AppIcon;
				ASSETCATALOG_COMPILER_GLOBAL_ACCENT_COLOR_NAME = AccentColor;
				CODE_SIGN_STYLE = Automatic;
				CURRENT_PROJECT_VERSION = 1;
				ENABLE_PREVIEWS = YES;
				GENERATE_INFOPLIST_FILE = NO;
				INFOPLIST_FILE = WildLive/Info.plist;
				LD_RUNPATH_SEARCH_PATHS = (
					"$(inherited)",
					"@executable_path/Frameworks",
				);
				MARKETING_VERSION = 0.1.0;
				PRODUCT_BUNDLE_IDENTIFIER = "dev.wildlive.WildLive";
				PRODUCT_NAME = "$(TARGET_NAME)";
				SWIFT_EMIT_LOC_STRINGS = YES;
				SWIFT_VERSION = 5.0;
				TARGETED_DEVICE_FAMILY = 1;
			};
			name = Release;
		};
		A10000000000000000000061 /* Debug */ = {
			isa = XCBuildConfiguration;
			buildSettings = {
				CODE_SIGN_STYLE = Automatic;
				CURRENT_PROJECT_VERSION = 1;
				GENERATE_INFOPLIST_FILE = YES;
				IPHONEOS_DEPLOYMENT_TARGET = 17.0;
				MARKETING_VERSION = 0.1.0;
				PRODUCT_BUNDLE_IDENTIFIER = "dev.wildlive.WildLiveUITests";
				PRODUCT_NAME = "$(TARGET_NAME)";
				SDKROOT = iphoneos;
				SWIFT_EMIT_LOC_STRINGS = NO;
				SWIFT_VERSION = 5.0;
				TARGETED_DEVICE_FAMILY = 1;
				TEST_TARGET_NAME = WildLive;
			};
			name = Debug;
		};
		A10000000000000000000062 /* Release */ = {
			isa = XCBuildConfiguration;
			buildSettings = {
				CODE_SIGN_STYLE = Automatic;
				CURRENT_PROJECT_VERSION = 1;
				GENERATE_INFOPLIST_FILE = YES;
				IPHONEOS_DEPLOYMENT_TARGET = 17.0;
				MARKETING_VERSION = 0.1.0;
				PRODUCT_BUNDLE_IDENTIFIER = "dev.wildlive.WildLiveUITests";
				PRODUCT_NAME = "$(TARGET_NAME)";
				SDKROOT = iphoneos;
				SWIFT_EMIT_LOC_STRINGS = NO;
				SWIFT_VERSION = 5.0;
				TARGETED_DEVICE_FAMILY = 1;
				TEST_TARGET_NAME = WildLive;
			};
			name = Release;
		};
		A40000000000000000000041 /* Debug */ = {
			isa = XCBuildConfiguration;
			buildSettings = {
				BUNDLE_LOADER = "$(TEST_HOST)";
				CODE_SIGN_STYLE = Automatic;
				CURRENT_PROJECT_VERSION = 1;
				GENERATE_INFOPLIST_FILE = YES;
				IPHONEOS_DEPLOYMENT_TARGET = 17.0;
				MARKETING_VERSION = 0.1.0;
				PRODUCT_BUNDLE_IDENTIFIER = "dev.wildlive.WildLiveTests";
				PRODUCT_NAME = "$(TARGET_NAME)";
				SDKROOT = iphoneos;
				SWIFT_EMIT_LOC_STRINGS = NO;
				SWIFT_VERSION = 5.0;
				TARGETED_DEVICE_FAMILY = 1;
				TEST_HOST = "$(BUILT_PRODUCTS_DIR)/WildLive.app/$(BUNDLE_EXECUTABLE_FOLDER_PATH)/WildLive";
			};
			name = Debug;
		};
		A40000000000000000000042 /* Release */ = {
			isa = XCBuildConfiguration;
			buildSettings = {
				BUNDLE_LOADER = "$(TEST_HOST)";
				CODE_SIGN_STYLE = Automatic;
				CURRENT_PROJECT_VERSION = 1;
				GENERATE_INFOPLIST_FILE = YES;
				IPHONEOS_DEPLOYMENT_TARGET = 17.0;
				MARKETING_VERSION = 0.1.0;
				PRODUCT_BUNDLE_IDENTIFIER = "dev.wildlive.WildLiveTests";
				PRODUCT_NAME = "$(TARGET_NAME)";
				SDKROOT = iphoneos;
				SWIFT_EMIT_LOC_STRINGS = NO;
				SWIFT_VERSION = 5.0;
				TARGETED_DEVICE_FAMILY = 1;
				TEST_HOST = "$(BUILT_PRODUCTS_DIR)/WildLive.app/$(BUNDLE_EXECUTABLE_FOLDER_PATH)/WildLive";
			};
			name = Release;
		};
/* End XCBuildConfiguration section */

/* Begin XCConfigurationList section */
		A10000000000000000000030 /* Build configuration list for PBXProject "WildLive" */ = {
			isa = XCConfigurationList;
			buildConfigurations = (
				A10000000000000000000031 /* Debug */,
				A10000000000000000000032 /* Release */,
			);
			defaultConfigurationIsVisible = 0;
			defaultConfigurationName = Release;
		};
		A10000000000000000000040 /* Build configuration list for PBXNativeTarget "WildLive" */ = {
			isa = XCConfigurationList;
			buildConfigurations = (
				A10000000000000000000041 /* Debug */,
				A10000000000000000000042 /* Release */,
			);
			defaultConfigurationIsVisible = 0;
			defaultConfigurationName = Release;
		};
		A10000000000000000000060 /* Build configuration list for PBXNativeTarget "WildLiveUITests" */ = {
			isa = XCConfigurationList;
			buildConfigurations = (
				A10000000000000000000061 /* Debug */,
				A10000000000000000000062 /* Release */,
			);
			defaultConfigurationIsVisible = 0;
			defaultConfigurationName = Release;
		};
		A40000000000000000000040 /* Build configuration list for PBXNativeTarget "WildLiveTests" */ = {
			isa = XCConfigurationList;
			buildConfigurations = (
				A40000000000000000000041 /* Debug */,
				A40000000000000000000042 /* Release */,
			);
			defaultConfigurationIsVisible = 0;
			defaultConfigurationName = Release;
		};
/* End XCConfigurationList section */
	};
	rootObject = A10000000000000000000001 /* Project object */;
}
